# THIS IS AN AUTOGENERATED FILE. DO NOT EDIT THIS FILE DIRECTLY.
# yarn lockfile v1


"@babel/code-frame@^7.21.4":
  version "7.22.13"
  resolved "https://registry.npmmirror.com/@babel/code-frame/-/code-frame-7.22.13.tgz"
  integrity sha512-XktuhWlJ5g+3TJXc5upd9Ks1HutSArik6jf2eAjYFyIOf4ej3RN+184cZbzDvbPnuTJIUhPKKJE3cIsYTiAT3w==
  dependencies:
    "@babel/highlight" "^7.22.13"
    chalk "^2.4.2"

"@babel/helper-validator-identifier@^7.22.20":
  version "7.22.20"
  resolved "https://registry.npmmirror.com/@babel/helper-validator-identifier/-/helper-validator-identifier-7.22.20.tgz"
  integrity sha512-Y4OZ+ytlatR8AI+8KZfKuL5urKp7qey08ha31L8b3BwewJAoJamTzyvxPR/5D+KkdJCGPq/+8TukHBlY10FX9A==

"@babel/highlight@^7.22.13":
  version "7.22.20"
  resolved "https://registry.npmmirror.com/@babel/highlight/-/highlight-7.22.20.tgz"
  integrity sha512-dkdMCN3py0+ksCgYmGG8jKeGA/8Tk+gJwSYYlFGxG5lmhfKNoAy004YpLxpS1W2J8m/EK2Ew+yOs9pVRwO89mg==
  dependencies:
    "@babel/helper-validator-identifier" "^7.22.20"
    chalk "^2.4.2"
    js-tokens "^4.0.0"

"@babel/parser@^7.23.0":
  version "7.23.3"
  resolved "https://registry.npmmirror.com/@babel/parser/-/parser-7.23.3.tgz"
  integrity sha512-uVsWNvlVsIninV2prNz/3lHCb+5CJ+e+IUBfbjToAHODtfGYLfCFuY4AU7TskI+dAKk+njsPiBjq1gKTvZOBaw==

"@ctrl/tinycolor@^3.4.1":
  version "3.6.1"
  resolved "https://registry.npmmirror.com/@ctrl/tinycolor/-/tinycolor-3.6.1.tgz"
  integrity sha512-SITSV6aIXsuVNV3f3O0f2n/cgyEDWoSqtZMYiAmcsYHydcKrOz3gUxB/iXd/Qf08+IZX4KpgNbvUdMBmWz+kcA==

"@element-plus/icons-vue@^2.3.1":
  version "2.3.1"
  resolved "https://registry.npmmirror.com/@element-plus/icons-vue/-/icons-vue-2.3.1.tgz"
  integrity sha512-XxVUZv48RZAd87ucGS48jPf6pKu0yV5UCg9f4FFwtrYxXOwWuVJo6wOvSLKEoMQKjv8GsX/mhP6UsC1lRwbUWg==

"@esbuild/linux-arm64@0.18.20":
  version "0.18.20"
  resolved "https://registry.npmmirror.com/@esbuild/linux-arm64/-/linux-arm64-0.18.20.tgz"
  integrity sha512-2YbscF+UL7SQAVIpnWvYwM+3LskyDmPhe31pE7/aoTMFKKzIc9lLbyGUpmmb8a8AixOL61sQ/mFh3jEjHYFvdA==

"@floating-ui/core@^1.6.0":
  version "1.6.8"
  resolved "https://registry.npmmirror.com/@floating-ui/core/-/core-1.6.8.tgz"
  integrity sha512-7XJ9cPU+yI2QeLS+FCSlqNFZJq8arvswefkZrYI1yQBbftw6FyrZOxYSh+9S7z7TpeWlRt9zJ5IhM1WIL334jA==
  dependencies:
    "@floating-ui/utils" "^0.2.8"

"@floating-ui/dom@^1.0.1":
  version "1.6.12"
  resolved "https://registry.npmmirror.com/@floating-ui/dom/-/dom-1.6.12.tgz"
  integrity sha512-NP83c0HjokcGVEMeoStg317VD9W7eDlGK7457dMBANbKA6GJZdc7rjujdgqzTaz93jkGgc5P/jeWbaCHnMNc+w==
  dependencies:
    "@floating-ui/core" "^1.6.0"
    "@floating-ui/utils" "^0.2.8"

"@floating-ui/utils@^0.2.8":
  version "0.2.8"
  resolved "https://registry.npmmirror.com/@floating-ui/utils/-/utils-0.2.8.tgz"
  integrity sha512-kym7SodPp8/wloecOpcmSnWJsK7M0E5Wg8UcFA+uO4B9s5d0ywXOEro/8HM9x0rW+TljRzul/14UYz3TleT3ig==

"@jridgewell/sourcemap-codec@^1.4.15":
  version "1.4.15"
  resolved "https://registry.npmmirror.com/@jridgewell/sourcemap-codec/-/sourcemap-codec-1.4.15.tgz"
  integrity sha512-eF2rxCRulEKXHTRiDrDy6erMYWqNw4LPdQ8UQA4huuxaQsVeRPFl2oM8oDGxMFhJUWZf9McpLtJasDDZb/Bpeg==

"@micro-zoe/micro-app@^1.0.0-rc.3":
  version "1.0.0-rc.3"
  resolved "https://registry.npmmirror.com/@micro-zoe/micro-app/-/micro-app-1.0.0-rc.3.tgz"
  integrity sha512-f6PBW8XjHESERlfHLd/2yoQRXbMoXK8C5aG8yZZBR5iV07Rkj+T7qBuZqdDnL1MW+zsuWpSgeYsZe9kpK+9e4Q==

"@popperjs/core@npm:@sxzz/popperjs-es@^2.11.7":
  version "2.11.7"
  resolved "https://registry.npmmirror.com/@sxzz/popperjs-es/-/popperjs-es-2.11.7.tgz"
  integrity sha512-Ccy0NlLkzr0Ex2FKvh2X+OyERHXJ88XJ1MXtsI9y9fGexlaXaVTPzBCRBwIxFkORuOb+uBqeu+RqnpgYTEZRUQ==

"@tsconfig/node18@^18.2.2":
  version "18.2.2"
  resolved "https://registry.npmmirror.com/@tsconfig/node18/-/node18-18.2.2.tgz"
  integrity sha512-d6McJeGsuoRlwWZmVIeE8CUA27lu6jLjvv1JzqmpsytOYYbVi1tHZEnwCNVOXnj4pyLvneZlFlpXUK+X9wBWyw==

"@types/js-cookie@^3.0.6":
  version "3.0.6"
  resolved "https://registry.npmmirror.com/@types/js-cookie/-/js-cookie-3.0.6.tgz"
  integrity sha512-wkw9yd1kEXOPnvEeEV1Go1MmxtBJL0RR79aOTAApecWFVu7w0NNXNqhcWgvw2YgZDYadliXkl14pa3WXw5jlCQ==

"@types/lodash-es@*", "@types/lodash-es@^4.17.6":
  version "4.17.12"
  resolved "https://registry.npmmirror.com/@types/lodash-es/-/lodash-es-4.17.12.tgz"
  integrity sha512-0NgftHUcV4v34VhXm8QBSftKVXtbkBG3ViCjs6+eJ5a6y6Mi/jiFGPc1sC7QK+9BFhWrURE3EOggmWaSxL9OzQ==
  dependencies:
    "@types/lodash" "*"

"@types/lodash@*", "@types/lodash@^4.14.182":
  version "4.17.13"
  resolved "https://registry.npmmirror.com/@types/lodash/-/lodash-4.17.13.tgz"
  integrity sha512-lfx+dftrEZcdBPczf9d0Qv0x+j/rfNCMuC6OcfXmO8gkfeNAY88PgKUbvG56whcN23gc27yenwF6oJZXGFpYxg==

"@types/node@^20.9.0", "@types/node@>= 14":
  version "20.9.0"
  resolved "https://registry.npmmirror.com/@types/node/-/node-20.9.0.tgz"
  integrity sha512-nekiGu2NDb1BcVofVcEKMIwzlx4NjHlcjhoxxKBNLtz15Y1z7MYf549DFvkHSId02Ax6kGwWntIBPC3l/JZcmw==
  dependencies:
    undici-types "~5.26.4"

"@types/normalize-package-data@^2.4.1":
  version "2.4.4"
  resolved "https://registry.npmmirror.com/@types/normalize-package-data/-/normalize-package-data-2.4.4.tgz"
  integrity sha512-37i+OaWTh9qeK4LSHPsyRC7NahnGotNuZvjLSgcPzblpHB3rrCJxAOgI5gCdKm7coonsaX1Of0ILiTcnZjbfxA==

"@types/postcss-pxtorem@^6.1.0":
  version "6.1.0"
  resolved "https://registry.npmmirror.com/@types/postcss-pxtorem/-/postcss-pxtorem-6.1.0.tgz"
  integrity sha512-kHsYTjQgllOfhi3J+xunjMKUZ3APARV/JYeOOcIVLhvPVS162S8Ir8LsZwioFFyYCSnQp+aisupiSaRWVwKyDA==
  dependencies:
    postcss "^8.2.6"

"@types/web-bluetooth@^0.0.16":
  version "0.0.16"
  resolved "https://registry.npmmirror.com/@types/web-bluetooth/-/web-bluetooth-0.0.16.tgz"
  integrity sha512-oh8q2Zc32S6gd/j50GowEjKLoOVOwHP/bWVjKJInBwQqdOYMdPrf1oVlelTlyfFK3CKxL1uahMDAr+vy8T7yMQ==

"@vitejs/plugin-vue@^4.4.0":
  version "4.4.1"
  resolved "https://registry.npmmirror.com/@vitejs/plugin-vue/-/plugin-vue-4.4.1.tgz"
  integrity sha512-HCQG8VDFDM7YDAdcj5QI5DvUi+r6xvo9LgvYdk7LSkUNwdpempdB5horkMSZsbdey9Ywsf5aaU8kEPw9M5kREA==

"@volar/language-core@~1.10.5", "@volar/language-core@1.10.10":
  version "1.10.10"
  resolved "https://registry.npmmirror.com/@volar/language-core/-/language-core-1.10.10.tgz"
  integrity sha512-nsV1o3AZ5n5jaEAObrS3MWLBWaGwUj/vAsc15FVNIv+DbpizQRISg9wzygsHBr56ELRH8r4K75vkYNMtsSNNWw==
  dependencies:
    "@volar/source-map" "1.10.10"

"@volar/source-map@~1.10.5", "@volar/source-map@1.10.10":
  version "1.10.10"
  resolved "https://registry.npmmirror.com/@volar/source-map/-/source-map-1.10.10.tgz"
  integrity sha512-GVKjLnifV4voJ9F0vhP56p4+F3WGf+gXlRtjFZsv6v3WxBTWU3ZVeaRaEHJmWrcv5LXmoYYpk/SC25BKemPRkg==
  dependencies:
    muggle-string "^0.3.1"

"@volar/typescript@~1.10.5":
  version "1.10.10"
  resolved "https://registry.npmmirror.com/@volar/typescript/-/typescript-1.10.10.tgz"
  integrity sha512-4a2r5bdUub2m+mYVnLu2wt59fuoYWe7nf0uXtGHU8QQ5LDNfzAR0wK7NgDiQ9rcl2WT3fxT2AA9AylAwFtj50A==
  dependencies:
    "@volar/language-core" "1.10.10"
    path-browserify "^1.0.1"

"@vue/compiler-core@3.3.8":
  version "3.3.8"
  resolved "https://registry.npmmirror.com/@vue/compiler-core/-/compiler-core-3.3.8.tgz"
  integrity sha512-hN/NNBUECw8SusQvDSqqcVv6gWq8L6iAktUR0UF3vGu2OhzRqcOiAno0FmBJWwxhYEXRlQJT5XnoKsVq1WZx4g==
  dependencies:
    "@babel/parser" "^7.23.0"
    "@vue/shared" "3.3.8"
    estree-walker "^2.0.2"
    source-map-js "^1.0.2"

"@vue/compiler-dom@^3.3.0", "@vue/compiler-dom@3.3.8":
  version "3.3.8"
  resolved "https://registry.npmmirror.com/@vue/compiler-dom/-/compiler-dom-3.3.8.tgz"
  integrity sha512-+PPtv+p/nWDd0AvJu3w8HS0RIm/C6VGBIRe24b9hSyNWOAPEUosFZ5diwawwP8ip5sJ8n0Pe87TNNNHnvjs0FQ==
  dependencies:
    "@vue/compiler-core" "3.3.8"
    "@vue/shared" "3.3.8"

"@vue/compiler-sfc@3.3.8":
  version "3.3.8"
  resolved "https://registry.npmmirror.com/@vue/compiler-sfc/-/compiler-sfc-3.3.8.tgz"
  integrity sha512-WMzbUrlTjfYF8joyT84HfwwXo+8WPALuPxhy+BZ6R4Aafls+jDBnSz8PDz60uFhuqFbl3HxRfxvDzrUf3THwpA==
  dependencies:
    "@babel/parser" "^7.23.0"
    "@vue/compiler-core" "3.3.8"
    "@vue/compiler-dom" "3.3.8"
    "@vue/compiler-ssr" "3.3.8"
    "@vue/reactivity-transform" "3.3.8"
    "@vue/shared" "3.3.8"
    estree-walker "^2.0.2"
    magic-string "^0.30.5"
    postcss "^8.4.31"
    source-map-js "^1.0.2"

"@vue/compiler-ssr@3.3.8":
  version "3.3.8"
  resolved "https://registry.npmmirror.com/@vue/compiler-ssr/-/compiler-ssr-3.3.8.tgz"
  integrity sha512-hXCqQL/15kMVDBuoBYpUnSYT8doDNwsjvm3jTefnXr+ytn294ySnT8NlsFHmTgKNjwpuFy7XVV8yTeLtNl/P6w==
  dependencies:
    "@vue/compiler-dom" "3.3.8"
    "@vue/shared" "3.3.8"

"@vue/devtools-api@^6.5.0":
  version "6.5.1"
  resolved "https://registry.npmmirror.com/@vue/devtools-api/-/devtools-api-6.5.1.tgz"
  integrity sha512-+KpckaAQyfbvshdDW5xQylLni1asvNSGme1JFs8I1+/H5pHEhqUKMEQD/qn3Nx5+/nycBq11qAEi8lk+LXI2dA==

"@vue/language-core@1.8.22":
  version "1.8.22"
  resolved "https://registry.npmmirror.com/@vue/language-core/-/language-core-1.8.22.tgz"
  integrity sha512-bsMoJzCrXZqGsxawtUea1cLjUT9dZnDsy5TuZ+l1fxRMzUGQUG9+Ypq4w//CqpWmrx7nIAJpw2JVF/t258miRw==
  dependencies:
    "@volar/language-core" "~1.10.5"
    "@volar/source-map" "~1.10.5"
    "@vue/compiler-dom" "^3.3.0"
    "@vue/shared" "^3.3.0"
    computeds "^0.0.1"
    minimatch "^9.0.3"
    muggle-string "^0.3.1"
    vue-template-compiler "^2.7.14"

"@vue/reactivity-transform@3.3.8":
  version "3.3.8"
  resolved "https://registry.npmmirror.com/@vue/reactivity-transform/-/reactivity-transform-3.3.8.tgz"
  integrity sha512-49CvBzmZNtcHua0XJ7GdGifM8GOXoUMOX4dD40Y5DxI3R8OUhMlvf2nvgUAcPxaXiV5MQQ1Nwy09ADpnLQUqRw==
  dependencies:
    "@babel/parser" "^7.23.0"
    "@vue/compiler-core" "3.3.8"
    "@vue/shared" "3.3.8"
    estree-walker "^2.0.2"
    magic-string "^0.30.5"

"@vue/reactivity@3.3.8":
  version "3.3.8"
  resolved "https://registry.npmmirror.com/@vue/reactivity/-/reactivity-3.3.8.tgz"
  integrity sha512-ctLWitmFBu6mtddPyOKpHg8+5ahouoTCRtmAHZAXmolDtuZXfjL2T3OJ6DL6ezBPQB1SmMnpzjiWjCiMYmpIuw==
  dependencies:
    "@vue/shared" "3.3.8"

"@vue/runtime-core@3.3.8":
  version "3.3.8"
  resolved "https://registry.npmmirror.com/@vue/runtime-core/-/runtime-core-3.3.8.tgz"
  integrity sha512-qurzOlb6q26KWQ/8IShHkMDOuJkQnQcTIp1sdP4I9MbCf9FJeGVRXJFr2mF+6bXh/3Zjr9TDgURXrsCr9bfjUw==
  dependencies:
    "@vue/reactivity" "3.3.8"
    "@vue/shared" "3.3.8"

"@vue/runtime-dom@3.3.8":
  version "3.3.8"
  resolved "https://registry.npmmirror.com/@vue/runtime-dom/-/runtime-dom-3.3.8.tgz"
  integrity sha512-Noy5yM5UIf9UeFoowBVgghyGGPIDPy1Qlqt0yVsUdAVbqI8eeMSsTqBtauaEoT2UFXUk5S64aWVNJN4MJ2vRdA==
  dependencies:
    "@vue/runtime-core" "3.3.8"
    "@vue/shared" "3.3.8"
    csstype "^3.1.2"

"@vue/server-renderer@3.3.8":
  version "3.3.8"
  resolved "https://registry.npmmirror.com/@vue/server-renderer/-/server-renderer-3.3.8.tgz"
  integrity sha512-zVCUw7RFskvPuNlPn/8xISbrf0zTWsTSdYTsUTN1ERGGZGVnRxM2QZ3x1OR32+vwkkCm0IW6HmJ49IsPm7ilLg==
  dependencies:
    "@vue/compiler-ssr" "3.3.8"
    "@vue/shared" "3.3.8"

"@vue/shared@^3.3.0", "@vue/shared@3.3.8":
  version "3.3.8"
  resolved "https://registry.npmmirror.com/@vue/shared/-/shared-3.3.8.tgz"
  integrity sha512-8PGwybFwM4x8pcfgqEQFy70NaQxASvOC5DJwLQfpArw1UDfUXrJkdxD3BhVTMS+0Lef/TU7YO0Jvr0jJY8T+mw==

"@vue/tsconfig@^0.4.0":
  version "0.4.0"
  resolved "https://registry.npmmirror.com/@vue/tsconfig/-/tsconfig-0.4.0.tgz"
  integrity sha512-CPuIReonid9+zOG/CGTT05FXrPYATEqoDGNrEaqS4hwcw5BUNM2FguC0mOwJD4Jr16UpRVl9N0pY3P+srIbqmg==

"@vueuse/core@^9.1.0":
  version "9.13.0"
  resolved "https://registry.npmmirror.com/@vueuse/core/-/core-9.13.0.tgz"
  integrity sha512-pujnclbeHWxxPRqXWmdkKV5OX4Wk4YeK7wusHqRwU0Q7EFusHoqNA/aPhB6KCh9hEqJkLAJo7bb0Lh9b+OIVzw==
  dependencies:
    "@types/web-bluetooth" "^0.0.16"
    "@vueuse/metadata" "9.13.0"
    "@vueuse/shared" "9.13.0"
    vue-demi "*"

"@vueuse/metadata@9.13.0":
  version "9.13.0"
  resolved "https://registry.npmmirror.com/@vueuse/metadata/-/metadata-9.13.0.tgz"
  integrity sha512-gdU7TKNAUVlXXLbaF+ZCfte8BjRJQWPCa2J55+7/h+yDtzw3vOoGQDRXzI6pyKyo6bXFT5/QoPE4hAknExjRLQ==

"@vueuse/shared@9.13.0":
  version "9.13.0"
  resolved "https://registry.npmmirror.com/@vueuse/shared/-/shared-9.13.0.tgz"
  integrity sha512-UrnhU+Cnufu4S6JLCPZnkWh0WwZGUp72ktOF2DFptMlOs3TOdVv8xJN53zhHGARmVOsz5KqOls09+J1NR6sBKw==
  dependencies:
    vue-demi "*"

adler-32@~1.3.0:
  version "1.3.1"
  resolved "https://registry.npmmirror.com/adler-32/-/adler-32-1.3.1.tgz"
  integrity sha512-ynZ4w/nUUv5rrsR8UUGoe1VC9hZj6V5hU9Qw1HlMDJGEJw5S7TfTErWTjMys6M7vr0YWcPqs3qAr4ss0nDfP+A==

amfe-flexible@^2.2.1:
  version "2.2.1"
  resolved "https://registry.npmmirror.com/amfe-flexible/-/amfe-flexible-2.2.1.tgz"
  integrity sha512-L2VfvDzoETBjhRptg5u/IUuzHSuxm22JpSRb404p/TBGeRfwWmmNEbB+TFPIP/sS/+pbM18bCFH9QnMojLuPNw==

ansi-styles@^3.2.1:
  version "3.2.1"
  resolved "https://registry.npmmirror.com/ansi-styles/-/ansi-styles-3.2.1.tgz"
  integrity sha512-VT0ZI6kZRdTh8YyJw3SMbYm/u+NqfsAxEpWO0Pf9sq8/e94WxxOpPKx9FR1FlyCtOVDNOQ+8ntlqFxiRc+r5qA==
  dependencies:
    color-convert "^1.9.0"

ansi-styles@^6.2.1:
  version "6.2.1"
  resolved "https://registry.npmmirror.com/ansi-styles/-/ansi-styles-6.2.1.tgz"
  integrity sha512-bN798gFfQX+viw3R7yrGWRqnrN2oRkEkUjjl4JNn4E8GxxbjtG3FbrEIIY3l8/hrwUwIeCZvi4QuOTP4MErVug==

anymatch@~3.1.2:
  version "3.1.3"
  resolved "https://registry.npmmirror.com/anymatch/-/anymatch-3.1.3.tgz"
  integrity sha512-KMReFUr0B4t+D+OBkjR3KYqvocp2XaSzO55UcB6mgQMd3KbcE+mWTyvVV7D/zsdEbNnV6acZUutkiHQXvTr1Rw==
  dependencies:
    normalize-path "^3.0.0"
    picomatch "^2.0.4"

async-validator@^4.2.5:
  version "4.2.5"
  resolved "https://registry.npmmirror.com/async-validator/-/async-validator-4.2.5.tgz"
  integrity sha512-7HhHjtERjqlNbZtqNqy2rckN/SpOOlmDliet+lP7k+eKZEjPk3DgyeU9lIXLdeLz0uBbbVp+9Qdow9wJWgwwfg==

asynckit@^0.4.0:
  version "0.4.0"
  resolved "https://registry.npmmirror.com/asynckit/-/asynckit-0.4.0.tgz"
  integrity sha512-Oei9OH4tRh0YqU3GxhX79dM/mwVgvbZJaSNaRk+bshkj0S5cfHcgYakreBjrHwatXKbz+IoIdYLxrKim2MjW0Q==

axios@^1.6.1:
  version "1.6.1"
  resolved "https://registry.npmmirror.com/axios/-/axios-1.6.1.tgz"
  integrity sha512-vfBmhDpKafglh0EldBEbVuoe7DyAavGSLWhuSm5ZSEKQnHhBf0xAAwybbNH1IkrJNGnS/VG4I5yxig1pCEXE4g==
  dependencies:
    follow-redirects "^1.15.0"
    form-data "^4.0.0"
    proxy-from-env "^1.1.0"

balanced-match@^1.0.0:
  version "1.0.2"
  resolved "https://registry.npmmirror.com/balanced-match/-/balanced-match-1.0.2.tgz"
  integrity sha512-3oSeUO0TMV67hN1AmbXsK4yaqU7tjiHlbxRDZOpH0KW9+CeX4bRAaX0Anxt0tx2MrpRpWwQaPwIlISEJhYU5Pw==

binary-extensions@^2.0.0:
  version "2.2.0"
  resolved "https://registry.npmmirror.com/binary-extensions/-/binary-extensions-2.2.0.tgz"
  integrity sha512-jDctJ/IVQbZoJykoeHbhXpOlNBqGNcwXJKJog42E5HDPUwQTSdjCHdihjj0DlnheQ7blbT6dHOafNAiS8ooQKA==

brace-expansion@^2.0.1:
  version "2.0.1"
  resolved "https://registry.npmmirror.com/brace-expansion/-/brace-expansion-2.0.1.tgz"
  integrity sha512-XnAIvQ8eM+kC6aULx6wuQiwVsnzsi9d3WxzV3FpWTGA19F621kwdbsAcFKXgKUHZWsy+mY6iL1sHTxWEFCytDA==
  dependencies:
    balanced-match "^1.0.0"

braces@~3.0.2:
  version "3.0.2"
  resolved "https://registry.npmmirror.com/braces/-/braces-3.0.2.tgz"
  integrity sha512-b8um+L1RzM3WDSzvhm6gIz1yfTbBt6YTlcEKAvsmqCZZFw46z626lVj9j1yEPW33H5H+lBQpZMP1k8l+78Ha0A==
  dependencies:
    fill-range "^7.0.1"

cfb@~1.2.1:
  version "1.2.2"
  resolved "https://registry.npmmirror.com/cfb/-/cfb-1.2.2.tgz"
  integrity sha512-KfdUZsSOw19/ObEWasvBP/Ac4reZvAGauZhs6S/gqNhXhI7cKwvlH7ulj+dOEYnca4bm4SGo8C1bTAQvnTjgQA==
  dependencies:
    adler-32 "~1.3.0"
    crc-32 "~1.2.0"

chalk@^2.4.2:
  version "2.4.2"
  resolved "https://registry.npmmirror.com/chalk/-/chalk-2.4.2.tgz"
  integrity sha512-Mti+f9lpJNcwF4tWV8/OrTTtF1gZi+f8FqlyAdouralcFWFQWF2+NgCHShjkCb+IFBLq9buZwE1xckQU4peSuQ==
  dependencies:
    ansi-styles "^3.2.1"
    escape-string-regexp "^1.0.5"
    supports-color "^5.3.0"

"chokidar@>=3.0.0 <4.0.0":
  version "3.5.3"
  resolved "https://registry.npmmirror.com/chokidar/-/chokidar-3.5.3.tgz"
  integrity sha512-Dr3sfKRP6oTcjf2JmUmFJfeVMvXBdegxB0iVQ5eb2V10uFJUCAS8OByZdVAyVb8xXNz3GjjTgj9kLWsZTqE6kw==
  dependencies:
    anymatch "~3.1.2"
    braces "~3.0.2"
    glob-parent "~5.1.2"
    is-binary-path "~2.1.0"
    is-glob "~4.0.1"
    normalize-path "~3.0.0"
    readdirp "~3.6.0"
  optionalDependencies:
    fsevents "~2.3.2"

codepage@~1.15.0:
  version "1.15.0"
  resolved "https://registry.npmmirror.com/codepage/-/codepage-1.15.0.tgz"
  integrity sha512-3g6NUTPd/YtuuGrhMnOMRjFc+LJw/bnMp3+0r/Wcz3IXUuCosKRJvMphm5+Q+bvTVGcJJuRvVLuYba+WojaFaA==

color-convert@^1.9.0:
  version "1.9.3"
  resolved "https://registry.npmmirror.com/color-convert/-/color-convert-1.9.3.tgz"
  integrity sha512-QfAUtd+vFdAtFQcC8CCyYt1fYWxSqAiK2cSD6zDB8N3cpsEBAvRxp9zOGg6G/SHHJYAT88/az/IuDGALsNVbGg==
  dependencies:
    color-name "1.1.3"

color-name@1.1.3:
  version "1.1.3"
  resolved "https://registry.npmmirror.com/color-name/-/color-name-1.1.3.tgz"
  integrity sha512-72fSenhMw2HZMTVHeCA9KCmpEIbzWiQsjN+BHcBbS9vr1mtt+vJjPdksIBNUmKAW8TFUDPJK5SUU3QhE9NEXDw==

combined-stream@^1.0.8:
  version "1.0.8"
  resolved "https://registry.npmmirror.com/combined-stream/-/combined-stream-1.0.8.tgz"
  integrity sha512-FQN4MRfuJeHf7cBbBMJFXhKSDq+2kAArBlmRBvcvFE5BB1HZKXtSFASDhdlz9zOYwxh8lDdnvmMOe/+5cdoEdg==
  dependencies:
    delayed-stream "~1.0.0"

computeds@^0.0.1:
  version "0.0.1"
  resolved "https://registry.npmmirror.com/computeds/-/computeds-0.0.1.tgz"
  integrity sha512-7CEBgcMjVmitjYo5q8JTJVra6X5mQ20uTThdK+0kR7UEaDrAWEQcRiBtWJzga4eRpP6afNwwLsX2SET2JhVB1Q==

crc-32@~1.2.0, crc-32@~1.2.1:
  version "1.2.2"
  resolved "https://registry.npmmirror.com/crc-32/-/crc-32-1.2.2.tgz"
  integrity sha512-ROmzCKrTnOwybPcJApAA6WBWij23HVfGVNKqqrZpuyZOHqK2CwHSvpGuyt/UNNvaIjEd8X5IFGp4Mh+Ie1IHJQ==

cross-spawn@^7.0.3:
  version "7.0.3"
  resolved "https://registry.npmmirror.com/cross-spawn/-/cross-spawn-7.0.3.tgz"
  integrity sha512-iRDPJKUPVEND7dHPO8rkbOnPpyDygcDFtWjpeWNCgy8WP2rXcxXL8TskReQl6OrB2G7+UJrags1q15Fudc7G6w==
  dependencies:
    path-key "^3.1.0"
    shebang-command "^2.0.0"
    which "^2.0.1"

crypto-js@^4.1.1:
  version "4.1.1"
  resolved "https://registry.npmmirror.com/crypto-js/-/crypto-js-4.1.1.tgz"
  integrity sha512-o2JlM7ydqd3Qk9CA0L4NL6mTzU2sdx96a+oOfPu8Mkl/PK51vSyoi8/rQ8NknZtk44vq15lmhAj9CIAGwgeWKw==

csstype@^3.1.2:
  version "3.1.2"
  resolved "https://registry.npmmirror.com/csstype/-/csstype-3.1.2.tgz"
  integrity sha512-I7K1Uu0MBPzaFKg4nI5Q7Vs2t+3gWWW648spaF+Rg7pI9ds18Ugn+lvg4SHczUdKlHI5LWBXyqfS8+DufyBsgQ==

dayjs@^1.11.13:
  version "1.11.13"
  resolved "https://registry.npmmirror.com/dayjs/-/dayjs-1.11.13.tgz"
  integrity sha512-oaMBel6gjolK862uaPQOVTA7q3TZhuSvuMQAAglQDOWYO9A91IrAOUJEyKVlqJlHE0vq5p5UXxzdPfMH/x6xNg==

de-indent@^1.0.2:
  version "1.0.2"
  resolved "https://registry.npmmirror.com/de-indent/-/de-indent-1.0.2.tgz"
  integrity sha512-e/1zu3xH5MQryN2zdVaF0OrdNLUbvWxzMbi+iNA6Bky7l1RoP8a2fIbRocyHclXt/arDrrR6lL3TqFD9pMQTsg==

delayed-stream@~1.0.0:
  version "1.0.0"
  resolved "https://registry.npmmirror.com/delayed-stream/-/delayed-stream-1.0.0.tgz"
  integrity sha512-ZySD7Nf91aLB0RxL4KGrKHBXl7Eds1DAmEdcoVawXnLD7SDhpNgtuII2aAkg7a7QS41jxPSZ17p4VdGnMHk3MQ==

echarts@^5.4.3:
  version "5.4.3"
  resolved "https://registry.npmmirror.com/echarts/-/echarts-5.4.3.tgz"
  integrity sha512-mYKxLxhzy6zyTi/FaEbJMOZU1ULGEQHaeIeuMR5L+JnJTpz+YR03mnnpBhbR4+UYJAgiXgpyTVLffPAjOTLkZA==
  dependencies:
    tslib "2.3.0"
    zrender "5.4.4"

element-plus@^2.9.1:
  version "2.9.1"
  resolved "https://registry.npmmirror.com/element-plus/-/element-plus-2.9.1.tgz"
  integrity sha512-9Agqf/jt4Ugk7EZ6C5LME71sgkvauPCsnvJN12Xid2XVobjufxMGpRE4L7pS4luJMOmFAH3J0NgYEGZT5r+NDg==
  dependencies:
    "@ctrl/tinycolor" "^3.4.1"
    "@element-plus/icons-vue" "^2.3.1"
    "@floating-ui/dom" "^1.0.1"
    "@popperjs/core" "npm:@sxzz/popperjs-es@^2.11.7"
    "@types/lodash" "^4.14.182"
    "@types/lodash-es" "^4.17.6"
    "@vueuse/core" "^9.1.0"
    async-validator "^4.2.5"
    dayjs "^1.11.13"
    escape-html "^1.0.3"
    lodash "^4.17.21"
    lodash-es "^4.17.21"
    lodash-unified "^1.0.2"
    memoize-one "^6.0.0"
    normalize-wheel-es "^1.2.0"

error-ex@^1.3.2:
  version "1.3.2"
  resolved "https://registry.npmmirror.com/error-ex/-/error-ex-1.3.2.tgz"
  integrity sha512-7dFHNmqeFSEt2ZBsCriorKnn3Z2pj+fd9kmI6QoWw4//DL+icEBfc0U7qJCisqrTsKTjw4fNFy2pW9OqStD84g==
  dependencies:
    is-arrayish "^0.2.1"

esbuild@^0.18.10:
  version "0.18.20"
  resolved "https://registry.npmmirror.com/esbuild/-/esbuild-0.18.20.tgz"
  integrity sha512-ceqxoedUrcayh7Y7ZX6NdbbDzGROiyVBgC4PriJThBKSVPWnnFHZAkfI1lJT8QFkOwH4qOS2SJkS4wvpGl8BpA==
  optionalDependencies:
    "@esbuild/android-arm" "0.18.20"
    "@esbuild/android-arm64" "0.18.20"
    "@esbuild/android-x64" "0.18.20"
    "@esbuild/darwin-arm64" "0.18.20"
    "@esbuild/darwin-x64" "0.18.20"
    "@esbuild/freebsd-arm64" "0.18.20"
    "@esbuild/freebsd-x64" "0.18.20"
    "@esbuild/linux-arm" "0.18.20"
    "@esbuild/linux-arm64" "0.18.20"
    "@esbuild/linux-ia32" "0.18.20"
    "@esbuild/linux-loong64" "0.18.20"
    "@esbuild/linux-mips64el" "0.18.20"
    "@esbuild/linux-ppc64" "0.18.20"
    "@esbuild/linux-riscv64" "0.18.20"
    "@esbuild/linux-s390x" "0.18.20"
    "@esbuild/linux-x64" "0.18.20"
    "@esbuild/netbsd-x64" "0.18.20"
    "@esbuild/openbsd-x64" "0.18.20"
    "@esbuild/sunos-x64" "0.18.20"
    "@esbuild/win32-arm64" "0.18.20"
    "@esbuild/win32-ia32" "0.18.20"
    "@esbuild/win32-x64" "0.18.20"

escape-html@^1.0.3:
  version "1.0.3"
  resolved "https://registry.npmmirror.com/escape-html/-/escape-html-1.0.3.tgz"
  integrity sha512-NiSupZ4OeuGwr68lGIeym/ksIZMJodUGOSCZ/FSnTxcrekbvqrgdUxlJOMpijaKZVjAJrWrGs/6Jy8OMuyj9ow==

escape-string-regexp@^1.0.5:
  version "1.0.5"
  resolved "https://registry.npmmirror.com/escape-string-regexp/-/escape-string-regexp-1.0.5.tgz"
  integrity sha512-vbRorB5FUQWvla16U8R/qgaFIya2qGzwDrNmCZuYKrbdSUMG6I1ZCGQRefkRVhuOkIGVne7BQ35DSfo1qvJqFg==

estree-walker@^2.0.2:
  version "2.0.2"
  resolved "https://registry.npmmirror.com/estree-walker/-/estree-walker-2.0.2.tgz"
  integrity sha512-Rfkk/Mp/DL7JVje3u18FxFujQlTNR2q6QfMSMB7AvCBx91NGj/ba3kCfza0f6dVDbw7YlRf/nDrn7pQrCCyQ/w==

file-saver@^2.0.5:
  version "2.0.5"
  resolved "https://registry.npmmirror.com/file-saver/-/file-saver-2.0.5.tgz"
  integrity sha512-P9bmyZ3h/PRG+Nzga+rbdI4OEpNDzAVyy74uVO9ATgzLK6VtAsYybF/+TOCvrc0MO793d6+42lLyZTw7/ArVzA==

fill-range@^7.0.1:
  version "7.0.1"
  resolved "https://registry.npmmirror.com/fill-range/-/fill-range-7.0.1.tgz"
  integrity sha512-qOo9F+dMUmC2Lcb4BbVvnKJxTPjCm+RRpe4gDuGrzkL7mEVl/djYSu2OdQ2Pa302N4oqkSg9ir6jaLWJ2USVpQ==
  dependencies:
    to-regex-range "^5.0.1"

follow-redirects@^1.15.0:
  version "1.15.3"
  resolved "https://registry.npmmirror.com/follow-redirects/-/follow-redirects-1.15.3.tgz"
  integrity sha512-1VzOtuEM8pC9SFU1E+8KfTjZyMztRsgEfwQl44z8A25uy13jSzTj6dyK2Df52iV0vgHCfBwLhDWevLn95w5v6Q==

form-data@^4.0.0:
  version "4.0.0"
  resolved "https://registry.npmmirror.com/form-data/-/form-data-4.0.0.tgz"
  integrity sha512-ETEklSGi5t0QMZuiXoA/Q6vcnxcLQP5vdugSpuAyi6SVGi2clPPp+xgEhuMaHC+zGgn31Kd235W35f7Hykkaww==
  dependencies:
    asynckit "^0.4.0"
    combined-stream "^1.0.8"
    mime-types "^2.1.12"

frac@~1.1.2:
  version "1.1.2"
  resolved "https://registry.npmmirror.com/frac/-/frac-1.1.2.tgz"
  integrity sha512-w/XBfkibaTl3YDqASwfDUqkna4Z2p9cFSr1aHDt0WoMTECnRfBOv2WArlZILlqgWlmdIlALXGpM2AOhEk5W3IA==

function-bind@^1.1.2:
  version "1.1.2"
  resolved "https://registry.npmmirror.com/function-bind/-/function-bind-1.1.2.tgz"
  integrity sha512-7XHNxH7qX9xG5mIwxkhumTox/MIRNcOgDrxWsMt2pAr23WHp6MrRlN7FBSFpCpr+oVO0F744iUgR82nJMfG2SA==

glob-parent@~5.1.2:
  version "5.1.2"
  resolved "https://registry.npmmirror.com/glob-parent/-/glob-parent-5.1.2.tgz"
  integrity sha512-AOIgSQCepiJYwP3ARnGx+5VnTu2HBYdzbGP45eLw1vr3zB3vZLeyed1sC9hnbcOc9/SrMyM5RPQrkGz4aS9Zow==
  dependencies:
    is-glob "^4.0.1"

has-flag@^3.0.0:
  version "3.0.0"
  resolved "https://registry.npmmirror.com/has-flag/-/has-flag-3.0.0.tgz"
  integrity sha512-sKJf1+ceQBr4SMkvQnBDNDtf4TXpVhVGateu0t918bl30FnbE2m4vNLX+VWe/dpjlb+HugGYzW7uQXH98HPEYw==

hasown@^2.0.0:
  version "2.0.0"
  resolved "https://registry.npmmirror.com/hasown/-/hasown-2.0.0.tgz"
  integrity sha512-vUptKVTpIJhcczKBbgnS+RtcuYMB8+oNzPK2/Hp3hanz8JmpATdmmgLgSaadVREkDm+e2giHwY3ZRkyjSIDDFA==
  dependencies:
    function-bind "^1.1.2"

he@^1.2.0:
  version "1.2.0"
  resolved "https://registry.npmmirror.com/he/-/he-1.2.0.tgz"
  integrity sha512-F/1DnUGPopORZi0ni+CvrCgHQ5FyEAHRLSApuYWMmrbSwoN2Mn/7k+Gl38gJnR7yyDZk6WLXwiGod1JOWNDKGw==

hosted-git-info@^7.0.0:
  version "7.0.1"
  resolved "https://registry.npmmirror.com/hosted-git-info/-/hosted-git-info-7.0.1.tgz"
  integrity sha512-+K84LB1DYwMHoHSgaOY/Jfhw3ucPmSET5v98Ke/HdNSw4a0UktWzyW1mjhjpuxxTqOOsfWT/7iVshHmVZ4IpOA==
  dependencies:
    lru-cache "^10.0.1"

immutable@^4.0.0:
  version "4.3.4"
  resolved "https://registry.npmmirror.com/immutable/-/immutable-4.3.4.tgz"
  integrity sha512-fsXeu4J4i6WNWSikpI88v/PcVflZz+6kMhUfIwc5SY+poQRPnaf5V7qds6SUyUN3cVxEzuCab7QIoLOQ+DQ1wA==

is-arrayish@^0.2.1:
  version "0.2.1"
  resolved "https://registry.npmmirror.com/is-arrayish/-/is-arrayish-0.2.1.tgz"
  integrity sha512-zz06S8t0ozoDXMG+ube26zeCTNXcKIPJZJi8hBrF4idCLms4CG9QtK7qBl1boi5ODzFpjswb5JPmHCbMpjaYzg==

is-binary-path@~2.1.0:
  version "2.1.0"
  resolved "https://registry.npmmirror.com/is-binary-path/-/is-binary-path-2.1.0.tgz"
  integrity sha512-ZMERYes6pDydyuGidse7OsHxtbI7WVeUEozgR/g7rd0xUimYNlvZRE/K2MgZTjWy725IfelLeVcEM97mmtRGXw==
  dependencies:
    binary-extensions "^2.0.0"

is-core-module@^2.8.1:
  version "2.13.1"
  resolved "https://registry.npmmirror.com/is-core-module/-/is-core-module-2.13.1.tgz"
  integrity sha512-hHrIjvZsftOsvKSn2TRYl63zvxsgE0K+0mYMoH6gD4omR5IWB2KynivBQczo3+wF1cCkjzvptnI9Q0sPU66ilw==
  dependencies:
    hasown "^2.0.0"

is-extglob@^2.1.1:
  version "2.1.1"
  resolved "https://registry.npmmirror.com/is-extglob/-/is-extglob-2.1.1.tgz"
  integrity sha512-SbKbANkN603Vi4jEZv49LeVJMn4yGwsbzZworEoyEiutsN3nJYdbO36zfhGJ6QEDpOZIFkDtnq5JRxmvl3jsoQ==

is-glob@^4.0.1, is-glob@~4.0.1:
  version "4.0.3"
  resolved "https://registry.npmmirror.com/is-glob/-/is-glob-4.0.3.tgz"
  integrity sha512-xelSayHH36ZgE7ZWhli7pW34hNbNl8Ojv5KVmkJD4hBdD3th8Tfk9vYasLM+mXWOZhFkgZfxhLSnrwRr4elSSg==
  dependencies:
    is-extglob "^2.1.1"

is-number@^7.0.0:
  version "7.0.0"
  resolved "https://registry.npmmirror.com/is-number/-/is-number-7.0.0.tgz"
  integrity sha512-41Cifkg6e8TylSpdtTpeLVMqvSBEVzTttHvERD741+pnZ8ANv0004MRL43QKPDlK9cGvNp6NZWZUBlbGXYxxng==

isexe@^2.0.0:
  version "2.0.0"
  resolved "https://registry.npmmirror.com/isexe/-/isexe-2.0.0.tgz"
  integrity sha512-RHxMLp9lnKHGHRng9QFhRCMbYAcVpn69smSGcq3f36xjgVVWThj4qqLbTLlq7Ssj8B+fIQ1EuCEGI2lKsyQeIw==

js-cookie@^3.0.5:
  version "3.0.5"
  resolved "https://registry.npmmirror.com/js-cookie/-/js-cookie-3.0.5.tgz"
  integrity sha512-cEiJEAEoIbWfCZYKWhVwFuvPX1gETRYPw6LlaTKoxD3s2AkXzkCjnp6h0V77ozyqj0jakteJ4YqDJT830+lVGw==

js-tokens@^4.0.0:
  version "4.0.0"
  resolved "https://registry.npmmirror.com/js-tokens/-/js-tokens-4.0.0.tgz"
  integrity sha512-RdJUflcE3cUzKiMqQgsCu06FPu9UdIJO0beYbPhHN4k6apgJtifcoCtT9bcxOpYBtpD2kCM6Sbzg4CausW/PKQ==

json-parse-even-better-errors@^3.0.0:
  version "3.0.0"
  resolved "https://registry.npmmirror.com/json-parse-even-better-errors/-/json-parse-even-better-errors-3.0.0.tgz"
  integrity sha512-iZbGHafX/59r39gPwVPRBGw0QQKnA7tte5pSMrhWOW7swGsVvVTjmfyAV9pNqk8YGT7tRCdxRu8uzcgZwoDooA==

lines-and-columns@^2.0.3:
  version "2.0.4"
  resolved "https://registry.npmmirror.com/lines-and-columns/-/lines-and-columns-2.0.4.tgz"
  integrity sha512-wM1+Z03eypVAVUCE7QdSqpVIvelbOakn1M0bPDoA4SGWPx3sNDVUiMo3L6To6WWGClB7VyXnhQ4Sn7gxiJbE6A==

lodash-es@*, lodash-es@^4.17.21:
  version "4.17.21"
  resolved "https://registry.npmmirror.com/lodash-es/-/lodash-es-4.17.21.tgz"
  integrity sha512-mKnC+QJ9pWVzv+C4/U3rRsHapFfHvQFoFB92e52xeyGMcX6/OlIl78je1u8vePzYZSkkogMPJ2yjxxsb89cxyw==

lodash-unified@^1.0.2:
  version "1.0.3"
  resolved "https://registry.npmmirror.com/lodash-unified/-/lodash-unified-1.0.3.tgz"
  integrity sha512-WK9qSozxXOD7ZJQlpSqOT+om2ZfcT4yO+03FuzAHD0wF6S0l0090LRPDx3vhTTLZ8cFKpBn+IOcVXK6qOcIlfQ==

lodash@*, lodash@^4.17.21:
  version "4.17.21"
  resolved "https://registry.npmmirror.com/lodash/-/lodash-4.17.21.tgz"
  integrity sha512-v2kDEe57lecTulaDIuNTPy3Ry4gLGJ6Z1O3vE1krgXZNrsQ+LFTGHVxVjcXPs17LhbZVGedAJv8XZ1tvj5FvSg==

lru-cache@^10.0.1:
  version "10.0.1"
  resolved "https://registry.npmmirror.com/lru-cache/-/lru-cache-10.0.1.tgz"
  integrity sha512-IJ4uwUTi2qCccrioU6g9g/5rvvVl13bsdczUUcqbciD9iLr095yj8DQKdObriEvuNSx325N1rV1O0sJFszx75g==

lru-cache@^6.0.0:
  version "6.0.0"
  resolved "https://registry.npmmirror.com/lru-cache/-/lru-cache-6.0.0.tgz"
  integrity sha512-Jo6dJ04CmSjuznwJSS3pUeWmd/H0ffTlkXXgwZi+eq1UCmqQwCh+eLsYOYCwY991i2Fah4h1BEMCx4qThGbsiA==
  dependencies:
    yallist "^4.0.0"

magic-string@^0.30.5:
  version "0.30.5"
  resolved "https://registry.npmmirror.com/magic-string/-/magic-string-0.30.5.tgz"
  integrity sha512-7xlpfBaQaP/T6Vh8MO/EqXSW5En6INHEvEXQiuff7Gku0PWjU3uf6w/j9o7O+SpB5fOAkrI5HeoNgwjEO0pFsA==
  dependencies:
    "@jridgewell/sourcemap-codec" "^1.4.15"

memoize-one@^6.0.0:
  version "6.0.0"
  resolved "https://registry.npmmirror.com/memoize-one/-/memoize-one-6.0.0.tgz"
  integrity sha512-rkpe71W0N0c0Xz6QD0eJETuWAJGnJ9afsl1srmwPrI+yBCkge5EycXXbYRyvL29zZVUWQCY7InPRCv3GDXuZNw==

memorystream@^0.3.1:
  version "0.3.1"
  resolved "https://registry.npmmirror.com/memorystream/-/memorystream-0.3.1.tgz"
  integrity sha512-S3UwM3yj5mtUSEfP41UZmt/0SCoVYUcU1rkXv+BQ5Ig8ndL4sPoJNBUJERafdPb5jjHJGuMgytgKvKIf58XNBw==

mime-db@1.52.0:
  version "1.52.0"
  resolved "https://registry.npmmirror.com/mime-db/-/mime-db-1.52.0.tgz"
  integrity sha512-sPU4uV7dYlvtWJxwwxHD0PuihVNiE7TyAbQ5SWxDCB9mUYvOgroQOwYQQOKPJ8CIbE+1ETVlOoK1UC2nU3gYvg==

mime-types@^2.1.12:
  version "2.1.35"
  resolved "https://registry.npmmirror.com/mime-types/-/mime-types-2.1.35.tgz"
  integrity sha512-ZDY+bPm5zTTF+YpCrAU9nK0UgICYPT0QtT1NZWFv4s++TNkcgVaT0g6+4R2uI4MjQjzysHB1zxuWL50hzaeXiw==
  dependencies:
    mime-db "1.52.0"

minimatch@^9.0.0, minimatch@^9.0.3:
  version "9.0.3"
  resolved "https://registry.npmmirror.com/minimatch/-/minimatch-9.0.3.tgz"
  integrity sha512-RHiac9mvaRw0x3AYRgDC1CxAP7HTcNrrECeA8YYJeWnpo+2Q5CegtZjaotWTWxDG3UeGA1coE05iH1mPjT/2mg==
  dependencies:
    brace-expansion "^2.0.1"

muggle-string@^0.3.1:
  version "0.3.1"
  resolved "https://registry.npmmirror.com/muggle-string/-/muggle-string-0.3.1.tgz"
  integrity sha512-ckmWDJjphvd/FvZawgygcUeQCxzvohjFO5RxTjj4eq8kw359gFF3E1brjfI+viLMxss5JrHTDRHZvu2/tuy0Qg==

nanoid@^3.3.6:
  version "3.3.7"
  resolved "https://registry.npmmirror.com/nanoid/-/nanoid-3.3.7.tgz"
  integrity sha512-eSRppjcPIatRIMC1U6UngP8XFcz8MQWGQdt1MTBQ7NaAmvXDfvNxbvWV3x2y6CdEUciCSsDHDQZbhYaB8QEo2g==

normalize-package-data@^6.0.0:
  version "6.0.0"
  resolved "https://registry.npmmirror.com/normalize-package-data/-/normalize-package-data-6.0.0.tgz"
  integrity sha512-UL7ELRVxYBHBgYEtZCXjxuD5vPxnmvMGq0jp/dGPKKrN7tfsBh2IY7TlJ15WWwdjRWD3RJbnsygUurTK3xkPkg==
  dependencies:
    hosted-git-info "^7.0.0"
    is-core-module "^2.8.1"
    semver "^7.3.5"
    validate-npm-package-license "^3.0.4"

normalize-path@^3.0.0, normalize-path@~3.0.0:
  version "3.0.0"
  resolved "https://registry.npmmirror.com/normalize-path/-/normalize-path-3.0.0.tgz"
  integrity sha512-6eZs5Ls3WtCisHWp9S2GUy8dqkpGi4BVSz3GaqiE6ezub0512ESztXUwUB6C6IKbQkY2Pnb/mD4WYojCRwcwLA==

normalize-wheel-es@^1.2.0:
  version "1.2.0"
  resolved "https://registry.npmmirror.com/normalize-wheel-es/-/normalize-wheel-es-1.2.0.tgz"
  integrity sha512-Wj7+EJQ8mSuXr2iWfnujrimU35R2W4FAErEyTmJoJ7ucwTn2hOUSsRehMb5RSYkxXGTM7Y9QpvPmp++w5ftoJw==

npm-run-all2@^6.1.1:
  version "6.1.1"
  resolved "https://registry.npmmirror.com/npm-run-all2/-/npm-run-all2-6.1.1.tgz"
  integrity sha512-lWLbkPZ5BSdXtN8lR+0rc8caKoPdymycpZksyDEC9MOBvfdwTXZ0uVhb7bMcGeXv2/BKtfQuo6Zn3zfc8rxNXA==
  dependencies:
    ansi-styles "^6.2.1"
    cross-spawn "^7.0.3"
    memorystream "^0.3.1"
    minimatch "^9.0.0"
    pidtree "^0.6.0"
    read-pkg "^8.0.0"
    shell-quote "^1.7.3"

parse-json@^7.0.0:
  version "7.1.1"
  resolved "https://registry.npmmirror.com/parse-json/-/parse-json-7.1.1.tgz"
  integrity sha512-SgOTCX/EZXtZxBE5eJ97P4yGM5n37BwRU+YMsH4vNzFqJV/oWFXXCmwFlgWUM4PrakybVOueJJ6pwHqSVhTFDw==
  dependencies:
    "@babel/code-frame" "^7.21.4"
    error-ex "^1.3.2"
    json-parse-even-better-errors "^3.0.0"
    lines-and-columns "^2.0.3"
    type-fest "^3.8.0"

path-browserify@^1.0.1:
  version "1.0.1"
  resolved "https://registry.npmmirror.com/path-browserify/-/path-browserify-1.0.1.tgz"
  integrity sha512-b7uo2UCUOYZcnF/3ID0lulOJi/bafxa1xPe7ZPsammBSpjSWQkjNxlt635YGS2MiR9GjvuXCtz2emr3jbsz98g==

path-key@^3.1.0:
  version "3.1.1"
  resolved "https://registry.npmmirror.com/path-key/-/path-key-3.1.1.tgz"
  integrity sha512-ojmeN0qd+y0jszEtoY48r0Peq5dwMEkIlCOu6Q5f41lfkswXuKtYrhgoTpLnyIcHm24Uhqx+5Tqm2InSwLhE6Q==

picocolors@^1.0.0:
  version "1.0.0"
  resolved "https://registry.npmmirror.com/picocolors/-/picocolors-1.0.0.tgz"
  integrity sha512-1fygroTLlHu66zi26VoTDv8yRgm0Fccecssto+MhsZ0D/DGW2sm8E8AjW7NU5VVTRt5GxbeZ5qBuJr+HyLYkjQ==

picomatch@^2.0.4, picomatch@^2.2.1:
  version "2.3.1"
  resolved "https://registry.npmmirror.com/picomatch/-/picomatch-2.3.1.tgz"
  integrity sha512-JU3teHTNjmE2VCGFzuY8EXzCDVwEqB2a8fsIvwaStHhAWJEeVd1o1QD80CU6+ZdEXXSLbSsuLwJjkCBWqRQUVA==

pidtree@^0.6.0:
  version "0.6.0"
  resolved "https://registry.npmmirror.com/pidtree/-/pidtree-0.6.0.tgz"
  integrity sha512-eG2dWTVw5bzqGRztnHExczNxt5VGsE6OwTeCG3fdUf9KBsZzO3R5OIIIzWR+iZA0NtZ+RDVdaoE2dK1cn6jH4g==

pinia-plugin-persistedstate@^3.2.1:
  version "3.2.1"
  resolved "https://registry.npmmirror.com/pinia-plugin-persistedstate/-/pinia-plugin-persistedstate-3.2.1.tgz"
  integrity sha512-MK++8LRUsGF7r45PjBFES82ISnPzyO6IZx3CH5vyPseFLZCk1g2kgx6l/nW8pEBKxxd4do0P6bJw+mUSZIEZUQ==

pinia@^2.0.0, pinia@^2.1.7:
  version "2.1.7"
  resolved "https://registry.npmmirror.com/pinia/-/pinia-2.1.7.tgz"
  integrity sha512-+C2AHFtcFqjPih0zpYuvof37SFxMQ7OEG2zV9jRI12i9BOy3YQVAHwdKtyyc8pDcDyIc33WCIsZaCFWU7WWxGQ==
  dependencies:
    "@vue/devtools-api" "^6.5.0"
    vue-demi ">=0.14.5"

postcss-pxtorem@^6.1.0:
  version "6.1.0"
  resolved "https://registry.npmmirror.com/postcss-pxtorem/-/postcss-pxtorem-6.1.0.tgz"
  integrity sha512-ROODSNci9ADal3zUcPHOF/K83TiCgNSPXQFSbwyPHNV8ioHIE4SaC+FPOufd8jsr5jV2uIz29v1Uqy1c4ov42g==

postcss@^8.0.0, postcss@^8.2.6, postcss@^8.4.27, postcss@^8.4.31:
  version "8.4.31"
  resolved "https://registry.npmmirror.com/postcss/-/postcss-8.4.31.tgz"
  integrity sha512-PS08Iboia9mts/2ygV3eLpY5ghnUcfLV/EXTOW1E2qYxJKGGBUtNjN76FYHnMs36RmARn41bC0AZmn+rR0OVpQ==
  dependencies:
    nanoid "^3.3.6"
    picocolors "^1.0.0"
    source-map-js "^1.0.2"

proxy-from-env@^1.1.0:
  version "1.1.0"
  resolved "https://registry.npmmirror.com/proxy-from-env/-/proxy-from-env-1.1.0.tgz"
  integrity sha512-D+zkORCbA9f1tdWRK0RaCR3GPv50cMxcrz4X8k5LTSUD1Dkw47mKJEZQNunItRTkWwgtaUSo1RVFRIG9ZXiFYg==

read-pkg@^8.0.0:
  version "8.1.0"
  resolved "https://registry.npmmirror.com/read-pkg/-/read-pkg-8.1.0.tgz"
  integrity sha512-PORM8AgzXeskHO/WEv312k9U03B8K9JSiWF/8N9sUuFjBa+9SF2u6K7VClzXwDXab51jCd8Nd36CNM+zR97ScQ==
  dependencies:
    "@types/normalize-package-data" "^2.4.1"
    normalize-package-data "^6.0.0"
    parse-json "^7.0.0"
    type-fest "^4.2.0"

readdirp@~3.6.0:
  version "3.6.0"
  resolved "https://registry.npmmirror.com/readdirp/-/readdirp-3.6.0.tgz"
  integrity sha512-hOS089on8RduqdbhvQ5Z37A0ESjsqz6qnRcffsMU3495FuTdqSm+7bhJ29JvIOsBDEEnan5DPu9t3To9VRlMzA==
  dependencies:
    picomatch "^2.2.1"

rollup@^3.27.1:
  version "3.29.4"
  resolved "https://registry.npmmirror.com/rollup/-/rollup-3.29.4.tgz"
  integrity sha512-oWzmBZwvYrU0iJHtDmhsm662rC15FRXmcjCk1xD771dFDx5jJ02ufAQQTn0etB2emNk4J9EZg/yWKpsn9BWGRw==
  optionalDependencies:
    fsevents "~2.3.2"

sass@*, sass@^1.69.5:
  version "1.69.5"
  resolved "https://registry.npmmirror.com/sass/-/sass-1.69.5.tgz"
  integrity sha512-qg2+UCJibLr2LCVOt3OlPhr/dqVHWOa9XtZf2OjbLs/T4VPSJ00udtgJxH3neXZm+QqX8B+3cU7RaLqp1iVfcQ==
  dependencies:
    chokidar ">=3.0.0 <4.0.0"
    immutable "^4.0.0"
    source-map-js ">=0.6.2 <2.0.0"

semver@^7.3.5, semver@^7.5.4:
  version "7.5.4"
  resolved "https://registry.npmmirror.com/semver/-/semver-7.5.4.tgz"
  integrity sha512-1bCSESV6Pv+i21Hvpxp3Dx+pSD8lIPt8uVjRrxAUt/nbswYc+tK6Y2btiULjd4+fnq15PX+nqQDC7Oft7WkwcA==
  dependencies:
    lru-cache "^6.0.0"

shebang-command@^2.0.0:
  version "2.0.0"
  resolved "https://registry.npmmirror.com/shebang-command/-/shebang-command-2.0.0.tgz"
  integrity sha512-kHxr2zZpYtdmrN1qDjrrX/Z1rR1kG8Dx+gkpK1G4eXmvXswmcE1hTWBWYUzlraYw1/yZp6YuDY77YtvbN0dmDA==
  dependencies:
    shebang-regex "^3.0.0"

shebang-regex@^3.0.0:
  version "3.0.0"
  resolved "https://registry.npmmirror.com/shebang-regex/-/shebang-regex-3.0.0.tgz"
  integrity sha512-7++dFhtcx3353uBaq8DDR4NuxBetBzC7ZQOhmTQInHEd6bSrXdiEyzCvG07Z44UYdLShWUyXt5M/yhz8ekcb1A==

shell-quote@^1.7.3:
  version "1.8.1"
  resolved "https://registry.npmmirror.com/shell-quote/-/shell-quote-1.8.1.tgz"
  integrity sha512-6j1W9l1iAs/4xYBI1SYOVZyFcCis9b4KCLQ8fgAGG07QvzaRLVVRQvAy85yNmmZSjYjg4MWh4gNvlPujU/5LpA==

source-map-js@^1.0.2, "source-map-js@>=0.6.2 <2.0.0":
  version "1.0.2"
  resolved "https://registry.npmmirror.com/source-map-js/-/source-map-js-1.0.2.tgz"
  integrity sha512-R0XvVJ9WusLiqTCEiGCmICCMplcCkIwwR11mOSD9CR5u+IXYdiseeEuXCVAjS54zqwkLcPNnmU4OeJ6tUrWhDw==

spdx-correct@^3.0.0:
  version "3.2.0"
  resolved "https://registry.npmmirror.com/spdx-correct/-/spdx-correct-3.2.0.tgz"
  integrity sha512-kN9dJbvnySHULIluDHy32WHRUu3Og7B9sbY7tsFLctQkIqnMh3hErYgdMjTYuqmcXX+lK5T1lnUt3G7zNswmZA==
  dependencies:
    spdx-expression-parse "^3.0.0"
    spdx-license-ids "^3.0.0"

spdx-exceptions@^2.1.0:
  version "2.3.0"
  resolved "https://registry.npmmirror.com/spdx-exceptions/-/spdx-exceptions-2.3.0.tgz"
  integrity sha512-/tTrYOC7PPI1nUAgx34hUpqXuyJG+DTHJTnIULG4rDygi4xu/tfgmq1e1cIRwRzwZgo4NLySi+ricLkZkw4i5A==

spdx-expression-parse@^3.0.0:
  version "3.0.1"
  resolved "https://registry.npmmirror.com/spdx-expression-parse/-/spdx-expression-parse-3.0.1.tgz"
  integrity sha512-cbqHunsQWnJNE6KhVSMsMeH5H/L9EpymbzqTQ3uLwNCLZ1Q481oWaofqH7nO6V07xlXwY6PhQdQ2IedWx/ZK4Q==
  dependencies:
    spdx-exceptions "^2.1.0"
    spdx-license-ids "^3.0.0"

spdx-license-ids@^3.0.0:
  version "3.0.16"
  resolved "https://registry.npmmirror.com/spdx-license-ids/-/spdx-license-ids-3.0.16.tgz"
  integrity sha512-eWN+LnM3GR6gPu35WxNgbGl8rmY1AEmoMDvL/QD6zYmPWgywxWqJWNdLGT+ke8dKNWrcYgYjPpG5gbTfghP8rw==

ssf@~0.11.2:
  version "0.11.2"
  resolved "https://registry.npmmirror.com/ssf/-/ssf-0.11.2.tgz"
  integrity sha512-+idbmIXoYET47hH+d7dfm2epdOMUDjqcB4648sTZ+t2JwoyBFL/insLfB/racrDmsKB3diwsDA696pZMieAC5g==
  dependencies:
    frac "~1.1.2"

supports-color@^5.3.0:
  version "5.5.0"
  resolved "https://registry.npmmirror.com/supports-color/-/supports-color-5.5.0.tgz"
  integrity sha512-QjVjwdXIt408MIiAqCX4oUKsgU2EqAGzs2Ppkm4aQYbjm+ZEWEcW4SfFNTr4uMNZma0ey4f5lgLrkB0aX0QMow==
  dependencies:
    has-flag "^3.0.0"

to-regex-range@^5.0.1:
  version "5.0.1"
  resolved "https://registry.npmmirror.com/to-regex-range/-/to-regex-range-5.0.1.tgz"
  integrity sha512-65P7iz6X5yEr1cwcgvQxbbIw7Uk3gOy5dIdtZ4rDveLqhrdJP+Li/Hx6tyK0NEb+2GCyneCMJiGqrADCSNk8sQ==
  dependencies:
    is-number "^7.0.0"

tslib@2.3.0:
  version "2.3.0"
  resolved "https://registry.npmmirror.com/tslib/-/tslib-2.3.0.tgz"
  integrity sha512-N82ooyxVNm6h1riLCoyS9e3fuJ3AMG2zIZs2Gd1ATcSFjSA23Q0fzjjZeh0jbJvWVDZ0cJT8yaNNaaXHzueNjg==

type-fest@^3.8.0:
  version "3.13.1"
  resolved "https://registry.npmmirror.com/type-fest/-/type-fest-3.13.1.tgz"
  integrity sha512-tLq3bSNx+xSpwvAJnzrK0Ep5CLNWjvFTOp71URMaAEWBfRb9nnJiBoUe0tF8bI4ZFO3omgBR6NvnbzVUT3Ly4g==

type-fest@^4.2.0:
  version "4.7.1"
  resolved "https://registry.npmmirror.com/type-fest/-/type-fest-4.7.1.tgz"
  integrity sha512-iWr8RUmzAJRfhZugX9O7nZE6pCxDU8CZ3QxsLuTnGcBLJpCaP2ll3s4eMTBoFnU/CeXY/5rfQSuAEsTGJO4y8A==

typescript@*, typescript@>=4.4.4, typescript@~5.2.0:
  version "5.2.2"
  resolved "https://registry.npmmirror.com/typescript/-/typescript-5.2.2.tgz"
  integrity sha512-mI4WrpHsbCIcwT9cF4FZvr80QUeKvsUsUvKDoR+X/7XHQH98xYD8YHZg7ANtz2GtZt/CBq2QJ0thkGJMHfqc1w==

undici-types@~5.26.4:
  version "5.26.5"
  resolved "https://registry.npmmirror.com/undici-types/-/undici-types-5.26.5.tgz"
  integrity sha512-JlCMO+ehdEIKqlFxk6IfVoAUVmgz7cU7zD/h9XZ0qzeosSHmUJVOzSQvvYSYWXkFXC+IfLKSIffhv0sVZup6pA==

validate-npm-package-license@^3.0.4:
  version "3.0.4"
  resolved "https://registry.npmmirror.com/validate-npm-package-license/-/validate-npm-package-license-3.0.4.tgz"
  integrity sha512-DpKm2Ui/xN7/HQKCtpZxoRWBhZ9Z0kqtygG8XCgNQ8ZlDnxuQmWhj566j8fN4Cu3/JmbhsDo7fcAJq4s9h27Ew==
  dependencies:
    spdx-correct "^3.0.0"
    spdx-expression-parse "^3.0.0"

vite@^4.0.0, vite@^4.4.11:
  version "4.5.0"
  resolved "https://registry.npmmirror.com/vite/-/vite-4.5.0.tgz"
  integrity sha512-ulr8rNLA6rkyFAlVWw2q5YJ91v098AFQ2R0PRFwPzREXOUJQPtFUG0t+/ZikhaOCDqFoDhN6/v8Sq0o4araFAw==
  dependencies:
    esbuild "^0.18.10"
    postcss "^8.4.27"
    rollup "^3.27.1"
  optionalDependencies:
    fsevents "~2.3.2"

vue-demi@*:
  version "0.14.10"
  resolved "https://registry.npmmirror.com/vue-demi/-/vue-demi-0.14.10.tgz"
  integrity sha512-nMZBOwuzabUO0nLgIcc6rycZEebF6eeUfaiQx9+WSk8e29IbLvPU9feI6tqW4kTo3hvoYAJkMh8n8D0fuISphg==

vue-demi@>=0.14.5:
  version "0.14.6"
  resolved "https://registry.npmmirror.com/vue-demi/-/vue-demi-0.14.6.tgz"
  integrity sha512-8QA7wrYSHKaYgUxDA5ZC24w+eHm3sYCbp0EzcDwKqN3p6HqtTCGR/GVsPyZW92unff4UlcSh++lmqDWN3ZIq4w==

vue-router@^4.2.5:
  version "4.2.5"
  resolved "https://registry.npmmirror.com/vue-router/-/vue-router-4.2.5.tgz"
  integrity sha512-DIUpKcyg4+PTQKfFPX88UWhlagBEBEfJ5A8XDXRJLUnZOvcpMF8o/dnL90vpVkGaPbjvXazV/rC1qBKrZlFugw==
  dependencies:
    "@vue/devtools-api" "^6.5.0"

vue-template-compiler@^2.7.14:
  version "2.7.15"
  resolved "https://registry.npmmirror.com/vue-template-compiler/-/vue-template-compiler-2.7.15.tgz"
  integrity sha512-yQxjxMptBL7UAog00O8sANud99C6wJF+7kgbcwqkvA38vCGF7HWE66w0ZFnS/kX5gSoJr/PQ4/oS3Ne2pW37Og==
  dependencies:
    de-indent "^1.0.2"
    he "^1.2.0"

vue-tsc@^1.8.19:
  version "1.8.22"
  resolved "https://registry.npmmirror.com/vue-tsc/-/vue-tsc-1.8.22.tgz"
  integrity sha512-j9P4kHtW6eEE08aS5McFZE/ivmipXy0JzrnTgbomfABMaVKx37kNBw//irL3+LlE3kOo63XpnRigyPC3w7+z+A==
  dependencies:
    "@volar/typescript" "~1.10.5"
    "@vue/language-core" "1.8.22"
    semver "^7.5.4"

"vue@^2.6.14 || ^3.3.0", "vue@^3.0.0-0 || ^2.6.0", vue@^3.2.0, vue@^3.2.25, vue@^3.3.4, vue@3.3.8:
  version "3.3.8"
  resolved "https://registry.npmmirror.com/vue/-/vue-3.3.8.tgz"
  integrity sha512-5VSX/3DabBikOXMsxzlW8JyfeLKlG9mzqnWgLQLty88vdZL7ZJgrdgBOmrArwxiLtmS+lNNpPcBYqrhE6TQW5w==
  dependencies:
    "@vue/compiler-dom" "3.3.8"
    "@vue/compiler-sfc" "3.3.8"
    "@vue/runtime-dom" "3.3.8"
    "@vue/server-renderer" "3.3.8"
    "@vue/shared" "3.3.8"

which@^2.0.1:
  version "2.0.2"
  resolved "https://registry.npmmirror.com/which/-/which-2.0.2.tgz"
  integrity sha512-BLI3Tl1TW3Pvl70l3yq3Y64i+awpwXqsGBYWkkqMtnbXgrMD+yj7rhW0kuEDxzJaYXGjEW5ogapKNMEKNMjibA==
  dependencies:
    isexe "^2.0.0"

wmf@~1.0.1:
  version "1.0.2"
  resolved "https://registry.npmmirror.com/wmf/-/wmf-1.0.2.tgz"
  integrity sha512-/p9K7bEh0Dj6WbXg4JG0xvLQmIadrner1bi45VMJTfnbVHsc7yIajZyoSoK60/dtVBs12Fm6WkUI5/3WAVsNMw==

word@~0.3.0:
  version "0.3.0"
  resolved "https://registry.npmmirror.com/word/-/word-0.3.0.tgz"
  integrity sha512-OELeY0Q61OXpdUfTp+oweA/vtLVg5VDOXh+3he3PNzLGG/y0oylSOC1xRVj0+l4vQ3tj/bB1HVHv1ocXkQceFA==

xlsx@^0.18.5:
  version "0.18.5"
  resolved "https://registry.npmmirror.com/xlsx/-/xlsx-0.18.5.tgz"
  integrity sha512-dmg3LCjBPHZnQp5/F/+nnTa+miPJxUXB6vtk42YjBBKayDNagxGEeIdWApkYPOf3Z3pm3k62Knjzp7lMeTEtFQ==
  dependencies:
    adler-32 "~1.3.0"
    cfb "~1.2.1"
    codepage "~1.15.0"
    crc-32 "~1.2.1"
    ssf "~0.11.2"
    wmf "~1.0.1"
    word "~0.3.0"

xterm-addon-attach@^0.8.0:
  version "0.8.0"
  resolved "https://registry.npmmirror.com/xterm-addon-attach/-/xterm-addon-attach-0.8.0.tgz"
  integrity sha512-k8N5boSYn6rMJTTNCgFpiSTZ26qnYJf3v/nJJYexNO2sdAHDN3m1ivVQWVZ8CHJKKnZQw1rc44YP2NtgalWHfQ==

xterm-addon-fit@^0.7.0:
  version "0.7.0"
  resolved "https://registry.npmmirror.com/xterm-addon-fit/-/xterm-addon-fit-0.7.0.tgz"
  integrity sha512-tQgHGoHqRTgeROPnvmtEJywLKoC/V9eNs4bLLz7iyJr1aW/QFzRwfd3MGiJ6odJd9xEfxcW36/xRU47JkD5NKQ==

xterm@^5.0.0, xterm@^5.1.0:
  version "5.1.0"
  resolved "https://registry.npmmirror.com/xterm/-/xterm-5.1.0.tgz"
  integrity sha512-LovENH4WDzpwynj+OTkLyZgJPeDom9Gra4DMlGAgz6pZhIDCQ+YuO7yfwanY+gVbn/mmZIStNOnVRU/ikQuAEQ==

yallist@^4.0.0:
  version "4.0.0"
  resolved "https://registry.npmmirror.com/yallist/-/yallist-4.0.0.tgz"
  integrity sha512-3wdGidZyq5PB084XLES5TpOSRA3wjXAlIWMhum2kRcv/41Sn2emQ0dycQW4uZXLejwKvg6EsvbdlVL+FYEct7A==

zrender@5.4.4:
  version "5.4.4"
  resolved "https://registry.npmmirror.com/zrender/-/zrender-5.4.4.tgz"
  integrity sha512-0VxCNJ7AGOMCWeHVyTrGzUgrK4asT4ml9PEkeGirAkKNYXYzoPJCLvmyfdoOXcjTHPs10OZVMfD1Rwg16AZyYw==
  dependencies:
    tslib "2.3.0"
